
Microsoft Visual Studio Solution File, Format Version 12.00
# Visual Studio Version 17
VisualStudioVersion = 17.2.32630.192
MinimumVisualStudioVersion = 10.0.40219.1
Project("{9A19103F-16F7-4668-BE54-9A1E7A4F7556}") = "R5T.S0074", "R5T.S0074\R5T.S0074.csproj", "{59763BC7-F8AF-472F-B1EC-6E1B4C0E8891}"
EndProject
Project("{2150E333-8FDC-42A3-9474-1A3956D46DE8}") = "_Dependencies", "_Dependencies", "{EB86F0E3-C172-4865-A89E-21DBA1CF4A77}"
EndProject
Project("{9A19103F-16F7-4668-BE54-9A1E7A4F7556}") = "R5T.F0000", "..\..\R5T.F0000\source\R5T.F0000\R5T.F0000.csproj", "{3ED811B8-5685-4AC3-B225-39C72B55AC93}"
EndProject
Project("{9A19103F-16F7-4668-BE54-9A1E7A4F7556}") = "R5T.F0002", "..\..\R5T.F0002\source\R5T.F0002\R5T.F0002.csproj", "{681B5623-57FA-4C6F-86C9-CA4BB7B72BA6}"
EndProject
Project("{9A19103F-16F7-4668-BE54-9A1E7A4F7556}") = "R5T.F0019", "..\..\R5T.F0019\source\R5T.F0019\R5T.F0019.csproj", "{F714412A-78C1-4EB3-A6B3-6935192AF76B}"
EndProject
Project("{9A19103F-16F7-4668-BE54-9A1E7A4F7556}") = "R5T.F0032", "..\..\R5T.F0032\source\R5T.F0032\R5T.F0032.csproj", "{068938C3-7FE2-48B5-9005-18C6233B0F15}"
EndProject
Project("{9A19103F-16F7-4668-BE54-9A1E7A4F7556}") = "R5T.F0041", "..\..\R5T.F0041\source\R5T.F0041\R5T.F0041.csproj", "{9D46935F-9E9B-4247-ADA7-046B835BA2B1}"
EndProject
Project("{9A19103F-16F7-4668-BE54-9A1E7A4F7556}") = "R5T.F0044", "..\..\R5T.F0044\source\R5T.F0044\R5T.F0044.csproj", "{A164B703-DFA5-48E7-B55B-E8E51C3C43BD}"
EndProject
Project("{9A19103F-16F7-4668-BE54-9A1E7A4F7556}") = "R5T.F0046", "..\..\R5T.F0046\source\R5T.F0046\R5T.F0046.csproj", "{F23A358C-D5B6-47C3-9B4F-7E405AC1C9F2}"
EndProject
Project("{9A19103F-16F7-4668-BE54-9A1E7A4F7556}") = "R5T.F0047", "..\..\R5T.F0047\source\R5T.F0047\R5T.F0047.csproj", "{1ECAA01B-F3E6-4E2F-9AB3-2832143C2F3B}"
EndProject
Project("{9A19103F-16F7-4668-BE54-9A1E7A4F7556}") = "R5T.F0057", "..\..\R5T.F0057\source\R5T.F0057\R5T.F0057.csproj", "{E408E555-4E43-4D5E-9120-74BFEDB8392A}"
EndProject
Project("{9A19103F-16F7-4668-BE54-9A1E7A4F7556}") = "R5T.F0120", "..\..\R5T.F0120\source\R5T.F0120\R5T.F0120.csproj", "{93A3E1D5-AFBE-408E-BC84-2FBFB1DBCEDD}"
EndProject
Project("{9A19103F-16F7-4668-BE54-9A1E7A4F7556}") = "R5T.F0124", "..\..\R5T.F0124\source\R5T.F0124\R5T.F0124.csproj", "{322DB638-7A5A-4322-8F62-9E2DD7DA770A}"
EndProject
Project("{9A19103F-16F7-4668-BE54-9A1E7A4F7556}") = "R5T.F0125", "..\..\R5T.F0125\source\R5T.F0125\R5T.F0125.csproj", "{1077798E-D8B3-4E24-A88F-7DEA6E4F5F61}"
EndProject
Project("{9A19103F-16F7-4668-BE54-9A1E7A4F7556}") = "R5T.L0001.Y000", "..\..\R5T.L0001\source\R5T.L0001.Y000\R5T.L0001.Y000.csproj", "{E16FB18B-B972-42F6-9913-BF7E1ACE2A8B}"
EndProject
Project("{9A19103F-16F7-4668-BE54-9A1E7A4F7556}") = "R5T.L0001.Z000", "..\..\R5T.L0001\source\R5T.L0001.Z000\R5T.L0001.Z000.csproj", "{3CB98FD7-9480-4204-97C6-D369054EAE84}"
EndProject
Project("{9A19103F-16F7-4668-BE54-9A1E7A4F7556}") = "R5T.L0001", "..\..\R5T.L0001\source\R5T.L0001\R5T.L0001.csproj", "{CDF45D88-E952-42D7-AA15-CCDA0396B6F6}"
EndProject
Project("{9A19103F-16F7-4668-BE54-9A1E7A4F7556}") = "R5T.L0030.T000", "..\..\R5T.L0030\source\R5T.L0030.T000\R5T.L0030.T000.csproj", "{792AB4F2-581D-4A2A-BB1F-E2AB7031E2A5}"
EndProject
Project("{9A19103F-16F7-4668-BE54-9A1E7A4F7556}") = "R5T.L0030", "..\..\R5T.L0030\source\R5T.L0030\R5T.L0030.csproj", "{56EAA9B7-D65D-4319-BC70-30179B0E3978}"
EndProject
Project("{9A19103F-16F7-4668-BE54-9A1E7A4F7556}") = "R5T.L0031.T000", "..\..\R5T.L0031\source\R5T.L0031.T000\R5T.L0031.T000.csproj", "{221F11F6-3D4E-42A1-9D74-7136A0066AF1}"
EndProject
Project("{9A19103F-16F7-4668-BE54-9A1E7A4F7556}") = "R5T.L0031", "..\..\R5T.L0031\source\R5T.L0031\R5T.L0031.csproj", "{18724963-707C-4E9F-8686-51DFCC654C2E}"
EndProject
Project("{9A19103F-16F7-4668-BE54-9A1E7A4F7556}") = "R5T.L0034", "..\..\R5T.L0034\source\R5T.L0034\R5T.L0034.csproj", "{8224EB9F-7C3C-4A54-A95E-5EA5237BCEF4}"
EndProject
Project("{9A19103F-16F7-4668-BE54-9A1E7A4F7556}") = "R5T.L0035", "..\..\R5T.L0035\source\R5T.L0035\R5T.L0035.csproj", "{E61699EF-2811-4145-B6A2-47E4319B194A}"
EndProject
Project("{9A19103F-16F7-4668-BE54-9A1E7A4F7556}") = "R5T.L0036.T000", "..\..\R5T.L0036\source\R5T.L0036.T000\R5T.L0036.T000.csproj", "{686B9AC3-5942-4756-A0AB-F8D73BFFF362}"
EndProject
Project("{9A19103F-16F7-4668-BE54-9A1E7A4F7556}") = "R5T.L0036", "..\..\R5T.L0036\source\R5T.L0036\R5T.L0036.csproj", "{1E001856-5198-4ED8-AB61-804B450726A7}"
EndProject
Project("{9A19103F-16F7-4668-BE54-9A1E7A4F7556}") = "R5T.NG0005", "..\..\R5T.NG0005\source\R5T.NG0005\R5T.NG0005.csproj", "{876CBD28-E4F0-4F38-A855-7D6571BD4127}"
EndProject
Project("{9A19103F-16F7-4668-BE54-9A1E7A4F7556}") = "R5T.NG0006", "..\..\R5T.NG0006\source\R5T.NG0006\R5T.NG0006.csproj", "{67A0BB51-D78B-4510-89C6-48332A8AB6F8}"
EndProject
Project("{9A19103F-16F7-4668-BE54-9A1E7A4F7556}") = "R5T.NG0008", "..\..\R5T.NG0008\source\R5T.NG0008\R5T.NG0008.csproj", "{18668403-B986-49EA-B1E3-9E13576F9089}"
EndProject
Project("{9A19103F-16F7-4668-BE54-9A1E7A4F7556}") = "R5T.O0017", "..\..\R5T.O0017\source\R5T.O0017\R5T.O0017.csproj", "{8A09FF37-CC9A-44E4-BE34-E888EA5B7E5B}"
EndProject
Project("{9A19103F-16F7-4668-BE54-9A1E7A4F7556}") = "R5T.T0046", "..\..\R5T.T0046\source\R5T.T0046\R5T.T0046.csproj", "{DDFB40BC-C073-4BE0-8DC1-7D81CE382986}"
EndProject
Project("{9A19103F-16F7-4668-BE54-9A1E7A4F7556}") = "R5T.T0131", "..\..\R5T.T0131\source\R5T.T0131\R5T.T0131.csproj", "{E9D84F8C-3BEE-4DDB-BF23-B8C050FB9F7E}"
EndProject
Project("{9A19103F-16F7-4668-BE54-9A1E7A4F7556}") = "R5T.T0132", "..\..\R5T.T0132\source\R5T.T0132\R5T.T0132.csproj", "{513EE6F9-DDF3-4D59-8BB3-A0D2260800FE}"
EndProject
Project("{9A19103F-16F7-4668-BE54-9A1E7A4F7556}") = "R5T.T0137", "..\..\R5T.T0137\source\R5T.T0137\R5T.T0137.csproj", "{A28541C7-FE95-44FC-8084-9286CED99ADB}"
EndProject
Project("{9A19103F-16F7-4668-BE54-9A1E7A4F7556}") = "R5T.T0142", "..\..\R5T.T0142\source\R5T.T0142\R5T.T0142.csproj", "{8B795E02-86BA-46FC-8E3F-A4DBE7DCCD30}"
EndProject
Project("{9A19103F-16F7-4668-BE54-9A1E7A4F7556}") = "R5T.T0143", "..\..\R5T.T0143\source\R5T.T0143\R5T.T0143.csproj", "{FCDC9C15-0F5C-4DC6-8B11-6F300524C8BE}"
EndProject
Project("{9A19103F-16F7-4668-BE54-9A1E7A4F7556}") = "R5T.T0144", "..\..\R5T.T0144\source\R5T.T0144\R5T.T0144.csproj", "{0C75758C-54AC-4023-911F-A7004382169B}"
EndProject
Project("{9A19103F-16F7-4668-BE54-9A1E7A4F7556}") = "R5T.T0156", "..\..\R5T.T0156\source\R5T.T0156\R5T.T0156.csproj", "{CF9C29C6-9E1E-4BDF-B180-D4FE956566F5}"
EndProject
Project("{9A19103F-16F7-4668-BE54-9A1E7A4F7556}") = "R5T.T0158", "..\..\R5T.T0158\source\R5T.T0158\R5T.T0158.csproj", "{949A691A-AF3E-47CE-8511-BB2533F3DBCE}"
EndProject
Project("{9A19103F-16F7-4668-BE54-9A1E7A4F7556}") = "R5T.T0159", "..\..\R5T.T0159\source\R5T.T0159\R5T.T0159.csproj", "{3F44CB94-F051-4944-9E92-12F492B9E2D2}"
EndProject
Project("{9A19103F-16F7-4668-BE54-9A1E7A4F7556}") = "R5T.T0174", "..\..\R5T.T0174\source\R5T.T0174\R5T.T0174.csproj", "{6F44679B-D3E3-419A-A0CC-C446931AF774}"
EndProject
Project("{9A19103F-16F7-4668-BE54-9A1E7A4F7556}") = "R5T.T0176", "..\..\R5T.T0176\source\R5T.T0176\R5T.T0176.csproj", "{625CEF06-404B-483D-8722-F124EFE54420}"
EndProject
Project("{9A19103F-16F7-4668-BE54-9A1E7A4F7556}") = "R5T.T0177", "..\..\R5T.T0177\source\R5T.T0177\R5T.T0177.csproj", "{BC9C7A5B-C691-4F1D-98E4-CCF97EB710BE}"
EndProject
Project("{9A19103F-16F7-4668-BE54-9A1E7A4F7556}") = "R5T.T0178", "..\..\R5T.T0178\source\R5T.T0178\R5T.T0178.csproj", "{36BFD7DC-FAE7-41F3-82B7-B1FAFF65CC37}"
EndProject
Project("{9A19103F-16F7-4668-BE54-9A1E7A4F7556}") = "R5T.T0179", "..\..\R5T.T0179\source\R5T.T0179\R5T.T0179.csproj", "{FE4CF540-135D-45AD-AE99-69D7E2838446}"
EndProject
Project("{9A19103F-16F7-4668-BE54-9A1E7A4F7556}") = "R5T.T0180", "..\..\R5T.T0180\source\R5T.T0180\R5T.T0180.csproj", "{A7BAC9AC-779F-4C4C-9DB6-E5B421311F8B}"
EndProject
Project("{9A19103F-16F7-4668-BE54-9A1E7A4F7556}") = "R5T.T0181", "..\..\R5T.T0181\source\R5T.T0181\R5T.T0181.csproj", "{7BA233C5-E5CF-457E-A86A-B00FF031FCC3}"
EndProject
Project("{9A19103F-16F7-4668-BE54-9A1E7A4F7556}") = "R5T.T0184", "..\..\R5T.T0184\source\R5T.T0184\R5T.T0184.csproj", "{EB49042C-27F2-4F35-A52C-95AA08DB5D0F}"
EndProject
Project("{9A19103F-16F7-4668-BE54-9A1E7A4F7556}") = "R5T.T0185", "..\..\R5T.T0185\source\R5T.T0185\R5T.T0185.csproj", "{4A23499E-CAFE-4534-A0F5-B58163523B6F}"
EndProject
Project("{9A19103F-16F7-4668-BE54-9A1E7A4F7556}") = "R5T.T0186", "..\..\R5T.T0186\source\R5T.T0186\R5T.T0186.csproj", "{3296B881-DBEE-48B6-9366-84914C21DEF4}"
EndProject
Project("{9A19103F-16F7-4668-BE54-9A1E7A4F7556}") = "R5T.T0198", "..\..\R5T.T0198\source\R5T.T0198\R5T.T0198.csproj", "{97DD0C77-EFCF-46BD-B99A-1AF848B1609B}"
EndProject
Project("{9A19103F-16F7-4668-BE54-9A1E7A4F7556}") = "R5T.T0203", "..\..\R5T.T0203\source\R5T.T0203\R5T.T0203.csproj", "{A5602222-3929-4696-A6E7-EFB5885763AA}"
EndProject
Project("{9A19103F-16F7-4668-BE54-9A1E7A4F7556}") = "R5T.Y0000", "..\..\R5T.Y0000\source\R5T.Y0000\R5T.Y0000.csproj", "{AD2B8F82-C2D1-4498-BB94-2F415C2E8D85}"
EndProject
Project("{9A19103F-16F7-4668-BE54-9A1E7A4F7556}") = "R5T.Y0004", "..\..\R5T.Y0004\source\R5T.Y0004\R5T.Y0004.csproj", "{941EC8A4-7169-4E90-9B4B-1E46608C73D1}"
EndProject
Project("{9A19103F-16F7-4668-BE54-9A1E7A4F7556}") = "R5T.Z0000", "..\..\R5T.Z0000\source\R5T.Z0000\R5T.Z0000.csproj", "{60E178BF-1950-43ED-BC45-383691F659B4}"
EndProject
Project("{9A19103F-16F7-4668-BE54-9A1E7A4F7556}") = "R5T.Z0005", "..\..\R5T.Z0005\source\R5T.Z0005\R5T.Z0005.csproj", "{997F0B4A-8B3C-48AE-826D-9B3D188E8847}"
EndProject
Project("{9A19103F-16F7-4668-BE54-9A1E7A4F7556}") = "R5T.Z0013", "..\..\R5T.Z0013\source\R5T.Z0013\R5T.Z0013.csproj", "{D9BE9EAD-DF5D-4CBF-85DE-B256224A3D8B}"
EndProject
Project("{9A19103F-16F7-4668-BE54-9A1E7A4F7556}") = "R5T.L0032.T000", "..\..\R5T.L0032\source\R5T.L0032.T000\R5T.L0032.T000.csproj", "{47A20C53-03EA-4691-B166-DD7176A872C0}"
EndProject
Project("{9A19103F-16F7-4668-BE54-9A1E7A4F7556}") = "R5T.T0150", "..\..\R5T.T0150\source\R5T.T0150\R5T.T0150.csproj", "{DC455634-9C65-433A-92EF-10D460A18DAA}"
EndProject
Project("{9A19103F-16F7-4668-BE54-9A1E7A4F7556}") = "R5T.T0151", "..\..\R5T.T0151\source\R5T.T0151\R5T.T0151.csproj", "{B3D974EA-1536-4AC1-99B6-08B8DAFF49DC}"
EndProject
Project("{9A19103F-16F7-4668-BE54-9A1E7A4F7556}") = "R5T.T0161", "..\..\R5T.T0161\source\R5T.T0161\R5T.T0161.csproj", "{22723DF9-E297-4F35-87F9-6FD9C894F702}"
EndProject
Project("{9A19103F-16F7-4668-BE54-9A1E7A4F7556}") = "R5T.T0172", "..\..\R5T.T0172\source\R5T.T0172\R5T.T0172.csproj", "{A668C19E-27C0-4ABF-8F85-B817D042E824}"
EndProject
Project("{9A19103F-16F7-4668-BE54-9A1E7A4F7556}") = "R5T.T0187", "..\..\R5T.T0187\source\R5T.T0187\R5T.T0187.csproj", "{FAFEAE2E-FD8F-49EA-8EDB-0CED42941A10}"
EndProject
Project("{9A19103F-16F7-4668-BE54-9A1E7A4F7556}") = "R5T.T0196", "..\..\R5T.T0196\source\R5T.T0196\R5T.T0196.csproj", "{C4F8DE2F-976B-40FE-9F04-0CFCB5286226}"
EndProject
Project("{9A19103F-16F7-4668-BE54-9A1E7A4F7556}") = "R5T.T0197", "..\..\R5T.T0197\source\R5T.T0197\R5T.T0197.csproj", "{103A1AAE-F11F-47BA-AB78-6EBDF6049755}"
EndProject
Project("{9A19103F-16F7-4668-BE54-9A1E7A4F7556}") = "R5T.Z0046", "..\..\R5T.Z0046\source\R5T.Z0046\R5T.Z0046.csproj", "{48C6B205-06F3-4843-87A7-EA0199EB2363}"
EndProject
Project("{9A19103F-16F7-4668-BE54-9A1E7A4F7556}") = "R5T.Z0043", "..\..\R5T.Z0043\source\R5T.Z0043\R5T.Z0043.csproj", "{71B0CF50-574D-490E-8FCF-A460968681D6}"
EndProject
Project("{9A19103F-16F7-4668-BE54-9A1E7A4F7556}") = "R5T.F0035.F001", "..\..\R5T.F0035\source\R5T.F0035.F001\R5T.F0035.F001.csproj", "{AFC6DA47-D32E-4490-B0AF-5958650CF334}"
EndProject
Project("{9A19103F-16F7-4668-BE54-9A1E7A4F7556}") = "R5T.F0059", "..\..\R5T.F0059\source\R5T.F0059\R5T.F0059.csproj", "{F48F7A22-E282-4716-9DC5-18EF4B81CE50}"
EndProject
Project("{9A19103F-16F7-4668-BE54-9A1E7A4F7556}") = "R5T.F0126", "..\..\R5T.F0126\source\R5T.F0126\R5T.F0126.csproj", "{8D243C26-7C5F-4DE7-B9AB-4DD0BEF47F05}"
EndProject
Project("{9A19103F-16F7-4668-BE54-9A1E7A4F7556}") = "R5T.L0038", "..\..\R5T.L0038\source\R5T.L0038\R5T.L0038.csproj", "{C2CD0A18-794F-48FC-930C-8E18BAFB2847}"
EndProject
Project("{9A19103F-16F7-4668-BE54-9A1E7A4F7556}") = "R5T.NG0002", "..\..\R5T.NG0002\source\R5T.NG0002\R5T.NG0002.csproj", "{9955EF46-1C0F-42DF-8ED9-4F85EE52558D}"
EndProject
Project("{9A19103F-16F7-4668-BE54-9A1E7A4F7556}") = "R5T.NG0007", "..\..\R5T.NG0007\source\R5T.NG0007\R5T.NG0007.csproj", "{FC7A77D2-22CD-4271-B5BE-52F75D153E3D}"
EndProject
Project("{9A19103F-16F7-4668-BE54-9A1E7A4F7556}") = "R5T.T0148", "..\..\R5T.T0148\source\R5T.T0148\R5T.T0148.csproj", "{4D6F7E9D-9E9F-4898-A2A4-71541138F153}"
EndProject
Project("{9A19103F-16F7-4668-BE54-9A1E7A4F7556}") = "R5T.T0158.F000", "..\..\R5T.T0158\source\R5T.T0158.F000\R5T.T0158.F000.csproj", "{191B6EE7-A6A2-4278-888A-49D34F8208BF}"
EndProject
Project("{9A19103F-16F7-4668-BE54-9A1E7A4F7556}") = "R5T.T0158.T000", "..\..\R5T.T0158\source\R5T.T0158.T000\R5T.T0158.T000.csproj", "{293EAA69-8622-4590-A816-9182CD7BE27F}"
EndProject
Project("{9A19103F-16F7-4668-BE54-9A1E7A4F7556}") = "R5T.T0159.F000", "..\..\R5T.T0159\source\R5T.T0159.F000\R5T.T0159.F000.csproj", "{7CCBC5BE-B086-4ABD-9FE8-611423F1C0E8}"
EndProject
Project("{9A19103F-16F7-4668-BE54-9A1E7A4F7556}") = "R5T.T0175", "..\..\R5T.T0175\source\R5T.T0175\R5T.T0175.csproj", "{109A4113-D508-4D58-95B6-41936C2613E4}"
EndProject
Project("{9A19103F-16F7-4668-BE54-9A1E7A4F7556}") = "R5T.T0189", "..\..\R5T.T0189\source\R5T.T0189\R5T.T0189.csproj", "{E821FF15-A35E-4506-AB74-89BCAF8F07D7}"
EndProject
Project("{9A19103F-16F7-4668-BE54-9A1E7A4F7556}") = "R5T.T0190", "..\..\R5T.T0190\source\R5T.T0190\R5T.T0190.csproj", "{7017CC60-C4FD-44C9-9182-52575868AA8F}"
EndProject
Project("{9A19103F-16F7-4668-BE54-9A1E7A4F7556}") = "R5T.T0191", "..\..\R5T.T0191\source\R5T.T0191\R5T.T0191.csproj", "{23AF8CA2-AE08-40F8-8A1D-FD82E55C1663}"
EndProject
Project("{9A19103F-16F7-4668-BE54-9A1E7A4F7556}") = "R5T.T0192", "..\..\R5T.T0192\source\R5T.T0192\R5T.T0192.csproj", "{938988DB-408D-4051-887A-C559C80CC0A7}"
EndProject
Project("{9A19103F-16F7-4668-BE54-9A1E7A4F7556}") = "R5T.NG0022", "..\..\R5T.NG0022\source\R5T.NG0022\R5T.NG0022.csproj", "{F522DBEB-B73A-4C36-8AD8-D387F8D2C5BC}"
EndProject
Project("{9A19103F-16F7-4668-BE54-9A1E7A4F7556}") = "R5T.T0200", "..\..\R5T.T0200\source\R5T.T0200\R5T.T0200.csproj", "{385CAFBC-1CC5-47C8-BCF7-7B3B9791D50F}"
EndProject
Project("{9A19103F-16F7-4668-BE54-9A1E7A4F7556}") = "R5T.T0209", "..\..\R5T.T0209\source\R5T.T0209\R5T.T0209.csproj", "{0F34D700-214E-4D95-8B5B-E73EEC1D36F5}"
EndProject
Project("{9A19103F-16F7-4668-BE54-9A1E7A4F7556}") = "R5T.O0023", "..\..\R5T.O0023\source\R5T.O0023\R5T.O0023.csproj", "{3FA0E365-1F86-416C-9E3E-A0162F9C64C9}"
EndProject
Global
	GlobalSection(NestedProjects) = preSolution
		{3ED811B8-5685-4AC3-B225-39C72B55AC93} = {EB86F0E3-C172-4865-A89E-21DBA1CF4A77}
		{681B5623-57FA-4C6F-86C9-CA4BB7B72BA6} = {EB86F0E3-C172-4865-A89E-21DBA1CF4A77}
		{F714412A-78C1-4EB3-A6B3-6935192AF76B} = {EB86F0E3-C172-4865-A89E-21DBA1CF4A77}
		{068938C3-7FE2-48B5-9005-18C6233B0F15} = {EB86F0E3-C172-4865-A89E-21DBA1CF4A77}
		{9D46935F-9E9B-4247-ADA7-046B835BA2B1} = {EB86F0E3-C172-4865-A89E-21DBA1CF4A77}
		{A164B703-DFA5-48E7-B55B-E8E51C3C43BD} = {EB86F0E3-C172-4865-A89E-21DBA1CF4A77}
		{F23A358C-D5B6-47C3-9B4F-7E405AC1C9F2} = {EB86F0E3-C172-4865-A89E-21DBA1CF4A77}
		{1ECAA01B-F3E6-4E2F-9AB3-2832143C2F3B} = {EB86F0E3-C172-4865-A89E-21DBA1CF4A77}
		{E408E555-4E43-4D5E-9120-74BFEDB8392A} = {EB86F0E3-C172-4865-A89E-21DBA1CF4A77}
		{93A3E1D5-AFBE-408E-BC84-2FBFB1DBCEDD} = {EB86F0E3-C172-4865-A89E-21DBA1CF4A77}
		{322DB638-7A5A-4322-8F62-9E2DD7DA770A} = {EB86F0E3-C172-4865-A89E-21DBA1CF4A77}
		{1077798E-D8B3-4E24-A88F-7DEA6E4F5F61} = {EB86F0E3-C172-4865-A89E-21DBA1CF4A77}
		{E16FB18B-B972-42F6-9913-BF7E1ACE2A8B} = {EB86F0E3-C172-4865-A89E-21DBA1CF4A77}
		{3CB98FD7-9480-4204-97C6-D369054EAE84} = {EB86F0E3-C172-4865-A89E-21DBA1CF4A77}
		{CDF45D88-E952-42D7-AA15-CCDA0396B6F6} = {EB86F0E3-C172-4865-A89E-21DBA1CF4A77}
		{792AB4F2-581D-4A2A-BB1F-E2AB7031E2A5} = {EB86F0E3-C172-4865-A89E-21DBA1CF4A77}
		{56EAA9B7-D65D-4319-BC70-30179B0E3978} = {EB86F0E3-C172-4865-A89E-21DBA1CF4A77}
		{221F11F6-3D4E-42A1-9D74-7136A0066AF1} = {EB86F0E3-C172-4865-A89E-21DBA1CF4A77}
		{18724963-707C-4E9F-8686-51DFCC654C2E} = {EB86F0E3-C172-4865-A89E-21DBA1CF4A77}
		{8224EB9F-7C3C-4A54-A95E-5EA5237BCEF4} = {EB86F0E3-C172-4865-A89E-21DBA1CF4A77}
		{E61699EF-2811-4145-B6A2-47E4319B194A} = {EB86F0E3-C172-4865-A89E-21DBA1CF4A77}
		{686B9AC3-5942-4756-A0AB-F8D73BFFF362} = {EB86F0E3-C172-4865-A89E-21DBA1CF4A77}
		{1E001856-5198-4ED8-AB61-804B450726A7} = {EB86F0E3-C172-4865-A89E-21DBA1CF4A77}
		{876CBD28-E4F0-4F38-A855-7D6571BD4127} = {EB86F0E3-C172-4865-A89E-21DBA1CF4A77}
		{67A0BB51-D78B-4510-89C6-48332A8AB6F8} = {EB86F0E3-C172-4865-A89E-21DBA1CF4A77}
		{18668403-B986-49EA-B1E3-9E13576F9089} = {EB86F0E3-C172-4865-A89E-21DBA1CF4A77}
		{8A09FF37-CC9A-44E4-BE34-E888EA5B7E5B} = {EB86F0E3-C172-4865-A89E-21DBA1CF4A77}
		{DDFB40BC-C073-4BE0-8DC1-7D81CE382986} = {EB86F0E3-C172-4865-A89E-21DBA1CF4A77}
		{E9D84F8C-3BEE-4DDB-BF23-B8C050FB9F7E} = {EB86F0E3-C172-4865-A89E-21DBA1CF4A77}
		{513EE6F9-DDF3-4D59-8BB3-A0D2260800FE} = {EB86F0E3-C172-4865-A89E-21DBA1CF4A77}
		{A28541C7-FE95-44FC-8084-9286CED99ADB} = {EB86F0E3-C172-4865-A89E-21DBA1CF4A77}
		{8B795E02-86BA-46FC-8E3F-A4DBE7DCCD30} = {EB86F0E3-C172-4865-A89E-21DBA1CF4A77}
		{FCDC9C15-0F5C-4DC6-8B11-6F300524C8BE} = {EB86F0E3-C172-4865-A89E-21DBA1CF4A77}
		{0C75758C-54AC-4023-911F-A7004382169B} = {EB86F0E3-C172-4865-A89E-21DBA1CF4A77}
		{CF9C29C6-9E1E-4BDF-B180-D4FE956566F5} = {EB86F0E3-C172-4865-A89E-21DBA1CF4A77}
		{949A691A-AF3E-47CE-8511-BB2533F3DBCE} = {EB86F0E3-C172-4865-A89E-21DBA1CF4A77}
		{3F44CB94-F051-4944-9E92-12F492B9E2D2} = {EB86F0E3-C172-4865-A89E-21DBA1CF4A77}
		{6F44679B-D3E3-419A-A0CC-C446931AF774} = {EB86F0E3-C172-4865-A89E-21DBA1CF4A77}
		{625CEF06-404B-483D-8722-F124EFE54420} = {EB86F0E3-C172-4865-A89E-21DBA1CF4A77}
		{BC9C7A5B-C691-4F1D-98E4-CCF97EB710BE} = {EB86F0E3-C172-4865-A89E-21DBA1CF4A77}
		{36BFD7DC-FAE7-41F3-82B7-B1FAFF65CC37} = {EB86F0E3-C172-4865-A89E-21DBA1CF4A77}
		{FE4CF540-135D-45AD-AE99-69D7E2838446} = {EB86F0E3-C172-4865-A89E-21DBA1CF4A77}
		{A7BAC9AC-779F-4C4C-9DB6-E5B421311F8B} = {EB86F0E3-C172-4865-A89E-21DBA1CF4A77}
		{7BA233C5-E5CF-457E-A86A-B00FF031FCC3} = {EB86F0E3-C172-4865-A89E-21DBA1CF4A77}
		{EB49042C-27F2-4F35-A52C-95AA08DB5D0F} = {EB86F0E3-C172-4865-A89E-21DBA1CF4A77}
		{4A23499E-CAFE-4534-A0F5-B58163523B6F} = {EB86F0E3-C172-4865-A89E-21DBA1CF4A77}
		{3296B881-DBEE-48B6-9366-84914C21DEF4} = {EB86F0E3-C172-4865-A89E-21DBA1CF4A77}
		{97DD0C77-EFCF-46BD-B99A-1AF848B1609B} = {EB86F0E3-C172-4865-A89E-21DBA1CF4A77}
		{A5602222-3929-4696-A6E7-EFB5885763AA} = {EB86F0E3-C172-4865-A89E-21DBA1CF4A77}
		{AD2B8F82-C2D1-4498-BB94-2F415C2E8D85} = {EB86F0E3-C172-4865-A89E-21DBA1CF4A77}
		{941EC8A4-7169-4E90-9B4B-1E46608C73D1} = {EB86F0E3-C172-4865-A89E-21DBA1CF4A77}
		{60E178BF-1950-43ED-BC45-383691F659B4} = {EB86F0E3-C172-4865-A89E-21DBA1CF4A77}
		{997F0B4A-8B3C-48AE-826D-9B3D188E8847} = {EB86F0E3-C172-4865-A89E-21DBA1CF4A77}
		{D9BE9EAD-DF5D-4CBF-85DE-B256224A3D8B} = {EB86F0E3-C172-4865-A89E-21DBA1CF4A77}
		{47A20C53-03EA-4691-B166-DD7176A872C0} = {EB86F0E3-C172-4865-A89E-21DBA1CF4A77}
		{DC455634-9C65-433A-92EF-10D460A18DAA} = {EB86F0E3-C172-4865-A89E-21DBA1CF4A77}
		{B3D974EA-1536-4AC1-99B6-08B8DAFF49DC} = {EB86F0E3-C172-4865-A89E-21DBA1CF4A77}
		{22723DF9-E297-4F35-87F9-6FD9C894F702} = {EB86F0E3-C172-4865-A89E-21DBA1CF4A77}
		{A668C19E-27C0-4ABF-8F85-B817D042E824} = {EB86F0E3-C172-4865-A89E-21DBA1CF4A77}
		{FAFEAE2E-FD8F-49EA-8EDB-0CED42941A10} = {EB86F0E3-C172-4865-A89E-21DBA1CF4A77}
		{C4F8DE2F-976B-40FE-9F04-0CFCB5286226} = {EB86F0E3-C172-4865-A89E-21DBA1CF4A77}
		{103A1AAE-F11F-47BA-AB78-6EBDF6049755} = {EB86F0E3-C172-4865-A89E-21DBA1CF4A77}
		{48C6B205-06F3-4843-87A7-EA0199EB2363} = {EB86F0E3-C172-4865-A89E-21DBA1CF4A77}
		{71B0CF50-574D-490E-8FCF-A460968681D6} = {EB86F0E3-C172-4865-A89E-21DBA1CF4A77}
		{AFC6DA47-D32E-4490-B0AF-5958650CF334} = {EB86F0E3-C172-4865-A89E-21DBA1CF4A77}
		{F48F7A22-E282-4716-9DC5-18EF4B81CE50} = {EB86F0E3-C172-4865-A89E-21DBA1CF4A77}
		{8D243C26-7C5F-4DE7-B9AB-4DD0BEF47F05} = {EB86F0E3-C172-4865-A89E-21DBA1CF4A77}
		{C2CD0A18-794F-48FC-930C-8E18BAFB2847} = {EB86F0E3-C172-4865-A89E-21DBA1CF4A77}
		{9955EF46-1C0F-42DF-8ED9-4F85EE52558D} = {EB86F0E3-C172-4865-A89E-21DBA1CF4A77}
		{FC7A77D2-22CD-4271-B5BE-52F75D153E3D} = {EB86F0E3-C172-4865-A89E-21DBA1CF4A77}
		{4D6F7E9D-9E9F-4898-A2A4-71541138F153} = {EB86F0E3-C172-4865-A89E-21DBA1CF4A77}
		{191B6EE7-A6A2-4278-888A-49D34F8208BF} = {EB86F0E3-C172-4865-A89E-21DBA1CF4A77}
		{293EAA69-8622-4590-A816-9182CD7BE27F} = {EB86F0E3-C172-4865-A89E-21DBA1CF4A77}
		{7CCBC5BE-B086-4ABD-9FE8-611423F1C0E8} = {EB86F0E3-C172-4865-A89E-21DBA1CF4A77}
		{109A4113-D508-4D58-95B6-41936C2613E4} = {EB86F0E3-C172-4865-A89E-21DBA1CF4A77}
		{E821FF15-A35E-4506-AB74-89BCAF8F07D7} = {EB86F0E3-C172-4865-A89E-21DBA1CF4A77}
		{7017CC60-C4FD-44C9-9182-52575868AA8F} = {EB86F0E3-C172-4865-A89E-21DBA1CF4A77}
		{23AF8CA2-AE08-40F8-8A1D-FD82E55C1663} = {EB86F0E3-C172-4865-A89E-21DBA1CF4A77}
		{938988DB-408D-4051-887A-C559C80CC0A7} = {EB86F0E3-C172-4865-A89E-21DBA1CF4A77}
		{F522DBEB-B73A-4C36-8AD8-D387F8D2C5BC} = {EB86F0E3-C172-4865-A89E-21DBA1CF4A77}
		{385CAFBC-1CC5-47C8-BCF7-7B3B9791D50F} = {EB86F0E3-C172-4865-A89E-21DBA1CF4A77}
		{0F34D700-214E-4D95-8B5B-E73EEC1D36F5} = {EB86F0E3-C172-4865-A89E-21DBA1CF4A77}
		{3FA0E365-1F86-416C-9E3E-A0162F9C64C9} = {EB86F0E3-C172-4865-A89E-21DBA1CF4A77}
	EndGlobalSection
	GlobalSection(SolutionConfigurationPlatforms) = preSolution
		Debug|Any CPU = Debug|Any CPU
		Release|Any CPU = Release|Any CPU
	EndGlobalSection
	GlobalSection(ProjectConfigurationPlatforms) = postSolution
		{59763BC7-F8AF-472F-B1EC-6E1B4C0E8891}.Debug|Any CPU.ActiveCfg = Debug|Any CPU
		{59763BC7-F8AF-472F-B1EC-6E1B4C0E8891}.Debug|Any CPU.Build.0 = Debug|Any CPU
		{59763BC7-F8AF-472F-B1EC-6E1B4C0E8891}.Release|Any CPU.ActiveCfg = Release|Any CPU
		{59763BC7-F8AF-472F-B1EC-6E1B4C0E8891}.Release|Any CPU.Build.0 = Release|Any CPU
		{3ED811B8-5685-4AC3-B225-39C72B55AC93}.Debug|Any CPU.ActiveCfg = Debug|Any CPU
		{3ED811B8-5685-4AC3-B225-39C72B55AC93}.Debug|Any CPU.Build.0 = Debug|Any CPU
		{3ED811B8-5685-4AC3-B225-39C72B55AC93}.Release|Any CPU.ActiveCfg = Release|Any CPU
		{3ED811B8-5685-4AC3-B225-39C72B55AC93}.Release|Any CPU.Build.0 = Release|Any CPU
		{681B5623-57FA-4C6F-86C9-CA4BB7B72BA6}.Debug|Any CPU.ActiveCfg = Debug|Any CPU
		{681B5623-57FA-4C6F-86C9-CA4BB7B72BA6}.Debug|Any CPU.Build.0 = Debug|Any CPU
		{681B5623-57FA-4C6F-86C9-CA4BB7B72BA6}.Release|Any CPU.ActiveCfg = Release|Any CPU
		{681B5623-57FA-4C6F-86C9-CA4BB7B72BA6}.Release|Any CPU.Build.0 = Release|Any CPU
		{F714412A-78C1-4EB3-A6B3-6935192AF76B}.Debug|Any CPU.ActiveCfg = Debug|Any CPU
		{F714412A-78C1-4EB3-A6B3-6935192AF76B}.Debug|Any CPU.Build.0 = Debug|Any CPU
		{F714412A-78C1-4EB3-A6B3-6935192AF76B}.Release|Any CPU.ActiveCfg = Release|Any CPU
		{F714412A-78C1-4EB3-A6B3-6935192AF76B}.Release|Any CPU.Build.0 = Release|Any CPU
		{068938C3-7FE2-48B5-9005-18C6233B0F15}.Debug|Any CPU.ActiveCfg = Debug|Any CPU
		{068938C3-7FE2-48B5-9005-18C6233B0F15}.Debug|Any CPU.Build.0 = Debug|Any CPU
		{068938C3-7FE2-48B5-9005-18C6233B0F15}.Release|Any CPU.ActiveCfg = Release|Any CPU
		{068938C3-7FE2-48B5-9005-18C6233B0F15}.Release|Any CPU.Build.0 = Release|Any CPU
		{9D46935F-9E9B-4247-ADA7-046B835BA2B1}.Debug|Any CPU.ActiveCfg = Debug|Any CPU
		{9D46935F-9E9B-4247-ADA7-046B835BA2B1}.Debug|Any CPU.Build.0 = Debug|Any CPU
		{9D46935F-9E9B-4247-ADA7-046B835BA2B1}.Release|Any CPU.ActiveCfg = Release|Any CPU
		{9D46935F-9E9B-4247-ADA7-046B835BA2B1}.Release|Any CPU.Build.0 = Release|Any CPU
		{A164B703-DFA5-48E7-B55B-E8E51C3C43BD}.Debug|Any CPU.ActiveCfg = Debug|Any CPU
		{A164B703-DFA5-48E7-B55B-E8E51C3C43BD}.Debug|Any CPU.Build.0 = Debug|Any CPU
		{A164B703-DFA5-48E7-B55B-E8E51C3C43BD}.Release|Any CPU.ActiveCfg = Release|Any CPU
		{A164B703-DFA5-48E7-B55B-E8E51C3C43BD}.Release|Any CPU.Build.0 = Release|Any CPU
		{F23A358C-D5B6-47C3-9B4F-7E405AC1C9F2}.Debug|Any CPU.ActiveCfg = Debug|Any CPU
		{F23A358C-D5B6-47C3-9B4F-7E405AC1C9F2}.Debug|Any CPU.Build.0 = Debug|Any CPU
		{F23A358C-D5B6-47C3-9B4F-7E405AC1C9F2}.Release|Any CPU.ActiveCfg = Release|Any CPU
		{F23A358C-D5B6-47C3-9B4F-7E405AC1C9F2}.Release|Any CPU.Build.0 = Release|Any CPU
		{1ECAA01B-F3E6-4E2F-9AB3-2832143C2F3B}.Debug|Any CPU.ActiveCfg = Debug|Any CPU
		{1ECAA01B-F3E6-4E2F-9AB3-2832143C2F3B}.Debug|Any CPU.Build.0 = Debug|Any CPU
		{1ECAA01B-F3E6-4E2F-9AB3-2832143C2F3B}.Release|Any CPU.ActiveCfg = Release|Any CPU
		{1ECAA01B-F3E6-4E2F-9AB3-2832143C2F3B}.Release|Any CPU.Build.0 = Release|Any CPU
		{E408E555-4E43-4D5E-9120-74BFEDB8392A}.Debug|Any CPU.ActiveCfg = Debug|Any CPU
		{E408E555-4E43-4D5E-9120-74BFEDB8392A}.Debug|Any CPU.Build.0 = Debug|Any CPU
		{E408E555-4E43-4D5E-9120-74BFEDB8392A}.Release|Any CPU.ActiveCfg = Release|Any CPU
		{E408E555-4E43-4D5E-9120-74BFEDB8392A}.Release|Any CPU.Build.0 = Release|Any CPU
		{93A3E1D5-AFBE-408E-BC84-2FBFB1DBCEDD}.Debug|Any CPU.ActiveCfg = Debug|Any CPU
		{93A3E1D5-AFBE-408E-BC84-2FBFB1DBCEDD}.Debug|Any CPU.Build.0 = Debug|Any CPU
		{93A3E1D5-AFBE-408E-BC84-2FBFB1DBCEDD}.Release|Any CPU.ActiveCfg = Release|Any CPU
		{93A3E1D5-AFBE-408E-BC84-2FBFB1DBCEDD}.Release|Any CPU.Build.0 = Release|Any CPU
		{322DB638-7A5A-4322-8F62-9E2DD7DA770A}.Debug|Any CPU.ActiveCfg = Debug|Any CPU
		{322DB638-7A5A-4322-8F62-9E2DD7DA770A}.Debug|Any CPU.Build.0 = Debug|Any CPU
		{322DB638-7A5A-4322-8F62-9E2DD7DA770A}.Release|Any CPU.ActiveCfg = Release|Any CPU
		{322DB638-7A5A-4322-8F62-9E2DD7DA770A}.Release|Any CPU.Build.0 = Release|Any CPU
		{1077798E-D8B3-4E24-A88F-7DEA6E4F5F61}.Debug|Any CPU.ActiveCfg = Debug|Any CPU
		{1077798E-D8B3-4E24-A88F-7DEA6E4F5F61}.Debug|Any CPU.Build.0 = Debug|Any CPU
		{1077798E-D8B3-4E24-A88F-7DEA6E4F5F61}.Release|Any CPU.ActiveCfg = Release|Any CPU
		{1077798E-D8B3-4E24-A88F-7DEA6E4F5F61}.Release|Any CPU.Build.0 = Release|Any CPU
		{E16FB18B-B972-42F6-9913-BF7E1ACE2A8B}.Debug|Any CPU.ActiveCfg = Debug|Any CPU
		{E16FB18B-B972-42F6-9913-BF7E1ACE2A8B}.Debug|Any CPU.Build.0 = Debug|Any CPU
		{E16FB18B-B972-42F6-9913-BF7E1ACE2A8B}.Release|Any CPU.ActiveCfg = Release|Any CPU
		{E16FB18B-B972-42F6-9913-BF7E1ACE2A8B}.Release|Any CPU.Build.0 = Release|Any CPU
		{3CB98FD7-9480-4204-97C6-D369054EAE84}.Debug|Any CPU.ActiveCfg = Debug|Any CPU
		{3CB98FD7-9480-4204-97C6-D369054EAE84}.Debug|Any CPU.Build.0 = Debug|Any CPU
		{3CB98FD7-9480-4204-97C6-D369054EAE84}.Release|Any CPU.ActiveCfg = Release|Any CPU
		{3CB98FD7-9480-4204-97C6-D369054EAE84}.Release|Any CPU.Build.0 = Release|Any CPU
		{CDF45D88-E952-42D7-AA15-CCDA0396B6F6}.Debug|Any CPU.ActiveCfg = Debug|Any CPU
		{CDF45D88-E952-42D7-AA15-CCDA0396B6F6}.Debug|Any CPU.Build.0 = Debug|Any CPU
		{CDF45D88-E952-42D7-AA15-CCDA0396B6F6}.Release|Any CPU.ActiveCfg = Release|Any CPU
		{CDF45D88-E952-42D7-AA15-CCDA0396B6F6}.Release|Any CPU.Build.0 = Release|Any CPU
		{792AB4F2-581D-4A2A-BB1F-E2AB7031E2A5}.Debug|Any CPU.ActiveCfg = Debug|Any CPU
		{792AB4F2-581D-4A2A-BB1F-E2AB7031E2A5}.Debug|Any CPU.Build.0 = Debug|Any CPU
		{792AB4F2-581D-4A2A-BB1F-E2AB7031E2A5}.Release|Any CPU.ActiveCfg = Release|Any CPU
		{792AB4F2-581D-4A2A-BB1F-E2AB7031E2A5}.Release|Any CPU.Build.0 = Release|Any CPU
		{56EAA9B7-D65D-4319-BC70-30179B0E3978}.Debug|Any CPU.ActiveCfg = Debug|Any CPU
		{56EAA9B7-D65D-4319-BC70-30179B0E3978}.Debug|Any CPU.Build.0 = Debug|Any CPU
		{56EAA9B7-D65D-4319-BC70-30179B0E3978}.Release|Any CPU.ActiveCfg = Release|Any CPU
		{56EAA9B7-D65D-4319-BC70-30179B0E3978}.Release|Any CPU.Build.0 = Release|Any CPU
		{221F11F6-3D4E-42A1-9D74-7136A0066AF1}.Debug|Any CPU.ActiveCfg = Debug|Any CPU
		{221F11F6-3D4E-42A1-9D74-7136A0066AF1}.Debug|Any CPU.Build.0 = Debug|Any CPU
		{221F11F6-3D4E-42A1-9D74-7136A0066AF1}.Release|Any CPU.ActiveCfg = Release|Any CPU
		{221F11F6-3D4E-42A1-9D74-7136A0066AF1}.Release|Any CPU.Build.0 = Release|Any CPU
		{18724963-707C-4E9F-8686-51DFCC654C2E}.Debug|Any CPU.ActiveCfg = Debug|Any CPU
		{18724963-707C-4E9F-8686-51DFCC654C2E}.Debug|Any CPU.Build.0 = Debug|Any CPU
		{18724963-707C-4E9F-8686-51DFCC654C2E}.Release|Any CPU.ActiveCfg = Release|Any CPU
		{18724963-707C-4E9F-8686-51DFCC654C2E}.Release|Any CPU.Build.0 = Release|Any CPU
		{8224EB9F-7C3C-4A54-A95E-5EA5237BCEF4}.Debug|Any CPU.ActiveCfg = Debug|Any CPU
		{8224EB9F-7C3C-4A54-A95E-5EA5237BCEF4}.Debug|Any CPU.Build.0 = Debug|Any CPU
		{8224EB9F-7C3C-4A54-A95E-5EA5237BCEF4}.Release|Any CPU.ActiveCfg = Release|Any CPU
		{8224EB9F-7C3C-4A54-A95E-5EA5237BCEF4}.Release|Any CPU.Build.0 = Release|Any CPU
		{E61699EF-2811-4145-B6A2-47E4319B194A}.Debug|Any CPU.ActiveCfg = Debug|Any CPU
		{E61699EF-2811-4145-B6A2-47E4319B194A}.Debug|Any CPU.Build.0 = Debug|Any CPU
		{E61699EF-2811-4145-B6A2-47E4319B194A}.Release|Any CPU.ActiveCfg = Release|Any CPU
		{E61699EF-2811-4145-B6A2-47E4319B194A}.Release|Any CPU.Build.0 = Release|Any CPU
		{686B9AC3-5942-4756-A0AB-F8D73BFFF362}.Debug|Any CPU.ActiveCfg = Debug|Any CPU
		{686B9AC3-5942-4756-A0AB-F8D73BFFF362}.Debug|Any CPU.Build.0 = Debug|Any CPU
		{686B9AC3-5942-4756-A0AB-F8D73BFFF362}.Release|Any CPU.ActiveCfg = Release|Any CPU
		{686B9AC3-5942-4756-A0AB-F8D73BFFF362}.Release|Any CPU.Build.0 = Release|Any CPU
		{1E001856-5198-4ED8-AB61-804B450726A7}.Debug|Any CPU.ActiveCfg = Debug|Any CPU
		{1E001856-5198-4ED8-AB61-804B450726A7}.Debug|Any CPU.Build.0 = Debug|Any CPU
		{1E001856-5198-4ED8-AB61-804B450726A7}.Release|Any CPU.ActiveCfg = Release|Any CPU
		{1E001856-5198-4ED8-AB61-804B450726A7}.Release|Any CPU.Build.0 = Release|Any CPU
		{876CBD28-E4F0-4F38-A855-7D6571BD4127}.Debug|Any CPU.ActiveCfg = Debug|Any CPU
		{876CBD28-E4F0-4F38-A855-7D6571BD4127}.Debug|Any CPU.Build.0 = Debug|Any CPU
		{876CBD28-E4F0-4F38-A855-7D6571BD4127}.Release|Any CPU.ActiveCfg = Release|Any CPU
		{876CBD28-E4F0-4F38-A855-7D6571BD4127}.Release|Any CPU.Build.0 = Release|Any CPU
		{67A0BB51-D78B-4510-89C6-48332A8AB6F8}.Debug|Any CPU.ActiveCfg = Debug|Any CPU
		{67A0BB51-D78B-4510-89C6-48332A8AB6F8}.Debug|Any CPU.Build.0 = Debug|Any CPU
		{67A0BB51-D78B-4510-89C6-48332A8AB6F8}.Release|Any CPU.ActiveCfg = Release|Any CPU
		{67A0BB51-D78B-4510-89C6-48332A8AB6F8}.Release|Any CPU.Build.0 = Release|Any CPU
		{18668403-B986-49EA-B1E3-9E13576F9089}.Debug|Any CPU.ActiveCfg = Debug|Any CPU
		{18668403-B986-49EA-B1E3-9E13576F9089}.Debug|Any CPU.Build.0 = Debug|Any CPU
		{18668403-B986-49EA-B1E3-9E13576F9089}.Release|Any CPU.ActiveCfg = Release|Any CPU
		{18668403-B986-49EA-B1E3-9E13576F9089}.Release|Any CPU.Build.0 = Release|Any CPU
		{8A09FF37-CC9A-44E4-BE34-E888EA5B7E5B}.Debug|Any CPU.ActiveCfg = Debug|Any CPU
		{8A09FF37-CC9A-44E4-BE34-E888EA5B7E5B}.Debug|Any CPU.Build.0 = Debug|Any CPU
		{8A09FF37-CC9A-44E4-BE34-E888EA5B7E5B}.Release|Any CPU.ActiveCfg = Release|Any CPU
		{8A09FF37-CC9A-44E4-BE34-E888EA5B7E5B}.Release|Any CPU.Build.0 = Release|Any CPU
		{DDFB40BC-C073-4BE0-8DC1-7D81CE382986}.Debug|Any CPU.ActiveCfg = Debug|Any CPU
		{DDFB40BC-C073-4BE0-8DC1-7D81CE382986}.Debug|Any CPU.Build.0 = Debug|Any CPU
		{DDFB40BC-C073-4BE0-8DC1-7D81CE382986}.Release|Any CPU.ActiveCfg = Release|Any CPU
		{DDFB40BC-C073-4BE0-8DC1-7D81CE382986}.Release|Any CPU.Build.0 = Release|Any CPU
		{E9D84F8C-3BEE-4DDB-BF23-B8C050FB9F7E}.Debug|Any CPU.ActiveCfg = Debug|Any CPU
		{E9D84F8C-3BEE-4DDB-BF23-B8C050FB9F7E}.Debug|Any CPU.Build.0 = Debug|Any CPU
		{E9D84F8C-3BEE-4DDB-BF23-B8C050FB9F7E}.Release|Any CPU.ActiveCfg = Release|Any CPU
		{E9D84F8C-3BEE-4DDB-BF23-B8C050FB9F7E}.Release|Any CPU.Build.0 = Release|Any CPU
		{513EE6F9-DDF3-4D59-8BB3-A0D2260800FE}.Debug|Any CPU.ActiveCfg = Debug|Any CPU
		{513EE6F9-DDF3-4D59-8BB3-A0D2260800FE}.Debug|Any CPU.Build.0 = Debug|Any CPU
		{513EE6F9-DDF3-4D59-8BB3-A0D2260800FE}.Release|Any CPU.ActiveCfg = Release|Any CPU
		{513EE6F9-DDF3-4D59-8BB3-A0D2260800FE}.Release|Any CPU.Build.0 = Release|Any CPU
		{A28541C7-FE95-44FC-8084-9286CED99ADB}.Debug|Any CPU.ActiveCfg = Debug|Any CPU
		{A28541C7-FE95-44FC-8084-9286CED99ADB}.Debug|Any CPU.Build.0 = Debug|Any CPU
		{A28541C7-FE95-44FC-8084-9286CED99ADB}.Release|Any CPU.ActiveCfg = Release|Any CPU
		{A28541C7-FE95-44FC-8084-9286CED99ADB}.Release|Any CPU.Build.0 = Release|Any CPU
		{8B795E02-86BA-46FC-8E3F-A4DBE7DCCD30}.Debug|Any CPU.ActiveCfg = Debug|Any CPU
		{8B795E02-86BA-46FC-8E3F-A4DBE7DCCD30}.Debug|Any CPU.Build.0 = Debug|Any CPU
		{8B795E02-86BA-46FC-8E3F-A4DBE7DCCD30}.Release|Any CPU.ActiveCfg = Release|Any CPU
		{8B795E02-86BA-46FC-8E3F-A4DBE7DCCD30}.Release|Any CPU.Build.0 = Release|Any CPU
		{FCDC9C15-0F5C-4DC6-8B11-6F300524C8BE}.Debug|Any CPU.ActiveCfg = Debug|Any CPU
		{FCDC9C15-0F5C-4DC6-8B11-6F300524C8BE}.Debug|Any CPU.Build.0 = Debug|Any CPU
		{FCDC9C15-0F5C-4DC6-8B11-6F300524C8BE}.Release|Any CPU.ActiveCfg = Release|Any CPU
		{FCDC9C15-0F5C-4DC6-8B11-6F300524C8BE}.Release|Any CPU.Build.0 = Release|Any CPU
		{0C75758C-54AC-4023-911F-A7004382169B}.Debug|Any CPU.ActiveCfg = Debug|Any CPU
		{0C75758C-54AC-4023-911F-A7004382169B}.Debug|Any CPU.Build.0 = Debug|Any CPU
		{0C75758C-54AC-4023-911F-A7004382169B}.Release|Any CPU.ActiveCfg = Release|Any CPU
		{0C75758C-54AC-4023-911F-A7004382169B}.Release|Any CPU.Build.0 = Release|Any CPU
		{CF9C29C6-9E1E-4BDF-B180-D4FE956566F5}.Debug|Any CPU.ActiveCfg = Debug|Any CPU
		{CF9C29C6-9E1E-4BDF-B180-D4FE956566F5}.Debug|Any CPU.Build.0 = Debug|Any CPU
		{CF9C29C6-9E1E-4BDF-B180-D4FE956566F5}.Release|Any CPU.ActiveCfg = Release|Any CPU
		{CF9C29C6-9E1E-4BDF-B180-D4FE956566F5}.Release|Any CPU.Build.0 = Release|Any CPU
		{949A691A-AF3E-47CE-8511-BB2533F3DBCE}.Debug|Any CPU.ActiveCfg = Debug|Any CPU
		{949A691A-AF3E-47CE-8511-BB2533F3DBCE}.Debug|Any CPU.Build.0 = Debug|Any CPU
		{949A691A-AF3E-47CE-8511-BB2533F3DBCE}.Release|Any CPU.ActiveCfg = Release|Any CPU
		{949A691A-AF3E-47CE-8511-BB2533F3DBCE}.Release|Any CPU.Build.0 = Release|Any CPU
		{3F44CB94-F051-4944-9E92-12F492B9E2D2}.Debug|Any CPU.ActiveCfg = Debug|Any CPU
		{3F44CB94-F051-4944-9E92-12F492B9E2D2}.Debug|Any CPU.Build.0 = Debug|Any CPU
		{3F44CB94-F051-4944-9E92-12F492B9E2D2}.Release|Any CPU.ActiveCfg = Release|Any CPU
		{3F44CB94-F051-4944-9E92-12F492B9E2D2}.Release|Any CPU.Build.0 = Release|Any CPU
		{6F44679B-D3E3-419A-A0CC-C446931AF774}.Debug|Any CPU.ActiveCfg = Debug|Any CPU
		{6F44679B-D3E3-419A-A0CC-C446931AF774}.Debug|Any CPU.Build.0 = Debug|Any CPU
		{6F44679B-D3E3-419A-A0CC-C446931AF774}.Release|Any CPU.ActiveCfg = Release|Any CPU
		{6F44679B-D3E3-419A-A0CC-C446931AF774}.Release|Any CPU.Build.0 = Release|Any CPU
		{625CEF06-404B-483D-8722-F124EFE54420}.Debug|Any CPU.ActiveCfg = Debug|Any CPU
		{625CEF06-404B-483D-8722-F124EFE54420}.Debug|Any CPU.Build.0 = Debug|Any CPU
		{625CEF06-404B-483D-8722-F124EFE54420}.Release|Any CPU.ActiveCfg = Release|Any CPU
		{625CEF06-404B-483D-8722-F124EFE54420}.Release|Any CPU.Build.0 = Release|Any CPU
		{BC9C7A5B-C691-4F1D-98E4-CCF97EB710BE}.Debug|Any CPU.ActiveCfg = Debug|Any CPU
		{BC9C7A5B-C691-4F1D-98E4-CCF97EB710BE}.Debug|Any CPU.Build.0 = Debug|Any CPU
		{BC9C7A5B-C691-4F1D-98E4-CCF97EB710BE}.Release|Any CPU.ActiveCfg = Release|Any CPU
		{BC9C7A5B-C691-4F1D-98E4-CCF97EB710BE}.Release|Any CPU.Build.0 = Release|Any CPU
		{36BFD7DC-FAE7-41F3-82B7-B1FAFF65CC37}.Debug|Any CPU.ActiveCfg = Debug|Any CPU
		{36BFD7DC-FAE7-41F3-82B7-B1FAFF65CC37}.Debug|Any CPU.Build.0 = Debug|Any CPU
		{36BFD7DC-FAE7-41F3-82B7-B1FAFF65CC37}.Release|Any CPU.ActiveCfg = Release|Any CPU
		{36BFD7DC-FAE7-41F3-82B7-B1FAFF65CC37}.Release|Any CPU.Build.0 = Release|Any CPU
		{FE4CF540-135D-45AD-AE99-69D7E2838446}.Debug|Any CPU.ActiveCfg = Debug|Any CPU
		{FE4CF540-135D-45AD-AE99-69D7E2838446}.Debug|Any CPU.Build.0 = Debug|Any CPU
		{FE4CF540-135D-45AD-AE99-69D7E2838446}.Release|Any CPU.ActiveCfg = Release|Any CPU
		{FE4CF540-135D-45AD-AE99-69D7E2838446}.Release|Any CPU.Build.0 = Release|Any CPU
		{A7BAC9AC-779F-4C4C-9DB6-E5B421311F8B}.Debug|Any CPU.ActiveCfg = Debug|Any CPU
		{A7BAC9AC-779F-4C4C-9DB6-E5B421311F8B}.Debug|Any CPU.Build.0 = Debug|Any CPU
		{A7BAC9AC-779F-4C4C-9DB6-E5B421311F8B}.Release|Any CPU.ActiveCfg = Release|Any CPU
		{A7BAC9AC-779F-4C4C-9DB6-E5B421311F8B}.Release|Any CPU.Build.0 = Release|Any CPU
		{7BA233C5-E5CF-457E-A86A-B00FF031FCC3}.Debug|Any CPU.ActiveCfg = Debug|Any CPU
		{7BA233C5-E5CF-457E-A86A-B00FF031FCC3}.Debug|Any CPU.Build.0 = Debug|Any CPU
		{7BA233C5-E5CF-457E-A86A-B00FF031FCC3}.Release|Any CPU.ActiveCfg = Release|Any CPU
		{7BA233C5-E5CF-457E-A86A-B00FF031FCC3}.Release|Any CPU.Build.0 = Release|Any CPU
		{EB49042C-27F2-4F35-A52C-95AA08DB5D0F}.Debug|Any CPU.ActiveCfg = Debug|Any CPU
		{EB49042C-27F2-4F35-A52C-95AA08DB5D0F}.Debug|Any CPU.Build.0 = Debug|Any CPU
		{EB49042C-27F2-4F35-A52C-95AA08DB5D0F}.Release|Any CPU.ActiveCfg = Release|Any CPU
		{EB49042C-27F2-4F35-A52C-95AA08DB5D0F}.Release|Any CPU.Build.0 = Release|Any CPU
		{4A23499E-CAFE-4534-A0F5-B58163523B6F}.Debug|Any CPU.ActiveCfg = Debug|Any CPU
		{4A23499E-CAFE-4534-A0F5-B58163523B6F}.Debug|Any CPU.Build.0 = Debug|Any CPU
		{4A23499E-CAFE-4534-A0F5-B58163523B6F}.Release|Any CPU.ActiveCfg = Release|Any CPU
		{4A23499E-CAFE-4534-A0F5-B58163523B6F}.Release|Any CPU.Build.0 = Release|Any CPU
		{3296B881-DBEE-48B6-9366-84914C21DEF4}.Debug|Any CPU.ActiveCfg = Debug|Any CPU
		{3296B881-DBEE-48B6-9366-84914C21DEF4}.Debug|Any CPU.Build.0 = Debug|Any CPU
		{3296B881-DBEE-48B6-9366-84914C21DEF4}.Release|Any CPU.ActiveCfg = Release|Any CPU
		{3296B881-DBEE-48B6-9366-84914C21DEF4}.Release|Any CPU.Build.0 = Release|Any CPU
		{97DD0C77-EFCF-46BD-B99A-1AF848B1609B}.Debug|Any CPU.ActiveCfg = Debug|Any CPU
		{97DD0C77-EFCF-46BD-B99A-1AF848B1609B}.Debug|Any CPU.Build.0 = Debug|Any CPU
		{97DD0C77-EFCF-46BD-B99A-1AF848B1609B}.Release|Any CPU.ActiveCfg = Release|Any CPU
		{97DD0C77-EFCF-46BD-B99A-1AF848B1609B}.Release|Any CPU.Build.0 = Release|Any CPU
		{A5602222-3929-4696-A6E7-EFB5885763AA}.Debug|Any CPU.ActiveCfg = Debug|Any CPU
		{A5602222-3929-4696-A6E7-EFB5885763AA}.Debug|Any CPU.Build.0 = Debug|Any CPU
		{A5602222-3929-4696-A6E7-EFB5885763AA}.Release|Any CPU.ActiveCfg = Release|Any CPU
		{A5602222-3929-4696-A6E7-EFB5885763AA}.Release|Any CPU.Build.0 = Release|Any CPU
		{AD2B8F82-C2D1-4498-BB94-2F415C2E8D85}.Debug|Any CPU.ActiveCfg = Debug|Any CPU
		{AD2B8F82-C2D1-4498-BB94-2F415C2E8D85}.Debug|Any CPU.Build.0 = Debug|Any CPU
		{AD2B8F82-C2D1-4498-BB94-2F415C2E8D85}.Release|Any CPU.ActiveCfg = Release|Any CPU
		{AD2B8F82-C2D1-4498-BB94-2F415C2E8D85}.Release|Any CPU.Build.0 = Release|Any CPU
		{941EC8A4-7169-4E90-9B4B-1E46608C73D1}.Debug|Any CPU.ActiveCfg = Debug|Any CPU
		{941EC8A4-7169-4E90-9B4B-1E46608C73D1}.Debug|Any CPU.Build.0 = Debug|Any CPU
		{941EC8A4-7169-4E90-9B4B-1E46608C73D1}.Release|Any CPU.ActiveCfg = Release|Any CPU
		{941EC8A4-7169-4E90-9B4B-1E46608C73D1}.Release|Any CPU.Build.0 = Release|Any CPU
		{60E178BF-1950-43ED-BC45-383691F659B4}.Debug|Any CPU.ActiveCfg = Debug|Any CPU
		{60E178BF-1950-43ED-BC45-383691F659B4}.Debug|Any CPU.Build.0 = Debug|Any CPU
		{60E178BF-1950-43ED-BC45-383691F659B4}.Release|Any CPU.ActiveCfg = Release|Any CPU
		{60E178BF-1950-43ED-BC45-383691F659B4}.Release|Any CPU.Build.0 = Release|Any CPU
		{997F0B4A-8B3C-48AE-826D-9B3D188E8847}.Debug|Any CPU.ActiveCfg = Debug|Any CPU
		{997F0B4A-8B3C-48AE-826D-9B3D188E8847}.Debug|Any CPU.Build.0 = Debug|Any CPU
		{997F0B4A-8B3C-48AE-826D-9B3D188E8847}.Release|Any CPU.ActiveCfg = Release|Any CPU
		{997F0B4A-8B3C-48AE-826D-9B3D188E8847}.Release|Any CPU.Build.0 = Release|Any CPU
		{D9BE9EAD-DF5D-4CBF-85DE-B256224A3D8B}.Debug|Any CPU.ActiveCfg = Debug|Any CPU
		{D9BE9EAD-DF5D-4CBF-85DE-B256224A3D8B}.Debug|Any CPU.Build.0 = Debug|Any CPU
		{D9BE9EAD-DF5D-4CBF-85DE-B256224A3D8B}.Release|Any CPU.ActiveCfg = Release|Any CPU
		{D9BE9EAD-DF5D-4CBF-85DE-B256224A3D8B}.Release|Any CPU.Build.0 = Release|Any CPU
		{47A20C53-03EA-4691-B166-DD7176A872C0}.Debug|Any CPU.ActiveCfg = Debug|Any CPU
		{47A20C53-03EA-4691-B166-DD7176A872C0}.Debug|Any CPU.Build.0 = Debug|Any CPU
		{47A20C53-03EA-4691-B166-DD7176A872C0}.Release|Any CPU.ActiveCfg = Release|Any CPU
		{47A20C53-03EA-4691-B166-DD7176A872C0}.Release|Any CPU.Build.0 = Release|Any CPU
		{DC455634-9C65-433A-92EF-10D460A18DAA}.Debug|Any CPU.ActiveCfg = Debug|Any CPU
		{DC455634-9C65-433A-92EF-10D460A18DAA}.Debug|Any CPU.Build.0 = Debug|Any CPU
		{DC455634-9C65-433A-92EF-10D460A18DAA}.Release|Any CPU.ActiveCfg = Release|Any CPU
		{DC455634-9C65-433A-92EF-10D460A18DAA}.Release|Any CPU.Build.0 = Release|Any CPU
		{B3D974EA-1536-4AC1-99B6-08B8DAFF49DC}.Debug|Any CPU.ActiveCfg = Debug|Any CPU
		{B3D974EA-1536-4AC1-99B6-08B8DAFF49DC}.Debug|Any CPU.Build.0 = Debug|Any CPU
		{B3D974EA-1536-4AC1-99B6-08B8DAFF49DC}.Release|Any CPU.ActiveCfg = Release|Any CPU
		{B3D974EA-1536-4AC1-99B6-08B8DAFF49DC}.Release|Any CPU.Build.0 = Release|Any CPU
		{22723DF9-E297-4F35-87F9-6FD9C894F702}.Debug|Any CPU.ActiveCfg = Debug|Any CPU
		{22723DF9-E297-4F35-87F9-6FD9C894F702}.Debug|Any CPU.Build.0 = Debug|Any CPU
		{22723DF9-E297-4F35-87F9-6FD9C894F702}.Release|Any CPU.ActiveCfg = Release|Any CPU
		{22723DF9-E297-4F35-87F9-6FD9C894F702}.Release|Any CPU.Build.0 = Release|Any CPU
		{A668C19E-27C0-4ABF-8F85-B817D042E824}.Debug|Any CPU.ActiveCfg = Debug|Any CPU
		{A668C19E-27C0-4ABF-8F85-B817D042E824}.Debug|Any CPU.Build.0 = Debug|Any CPU
		{A668C19E-27C0-4ABF-8F85-B817D042E824}.Release|Any CPU.ActiveCfg = Release|Any CPU
		{A668C19E-27C0-4ABF-8F85-B817D042E824}.Release|Any CPU.Build.0 = Release|Any CPU
		{FAFEAE2E-FD8F-49EA-8EDB-0CED42941A10}.Debug|Any CPU.ActiveCfg = Debug|Any CPU
		{FAFEAE2E-FD8F-49EA-8EDB-0CED42941A10}.Debug|Any CPU.Build.0 = Debug|Any CPU
		{FAFEAE2E-FD8F-49EA-8EDB-0CED42941A10}.Release|Any CPU.ActiveCfg = Release|Any CPU
		{FAFEAE2E-FD8F-49EA-8EDB-0CED42941A10}.Release|Any CPU.Build.0 = Release|Any CPU
		{C4F8DE2F-976B-40FE-9F04-0CFCB5286226}.Debug|Any CPU.ActiveCfg = Debug|Any CPU
		{C4F8DE2F-976B-40FE-9F04-0CFCB5286226}.Debug|Any CPU.Build.0 = Debug|Any CPU
		{C4F8DE2F-976B-40FE-9F04-0CFCB5286226}.Release|Any CPU.ActiveCfg = Release|Any CPU
		{C4F8DE2F-976B-40FE-9F04-0CFCB5286226}.Release|Any CPU.Build.0 = Release|Any CPU
		{103A1AAE-F11F-47BA-AB78-6EBDF6049755}.Debug|Any CPU.ActiveCfg = Debug|Any CPU
		{103A1AAE-F11F-47BA-AB78-6EBDF6049755}.Debug|Any CPU.Build.0 = Debug|Any CPU
		{103A1AAE-F11F-47BA-AB78-6EBDF6049755}.Release|Any CPU.ActiveCfg = Release|Any CPU
		{103A1AAE-F11F-47BA-AB78-6EBDF6049755}.Release|Any CPU.Build.0 = Release|Any CPU
		{48C6B205-06F3-4843-87A7-EA0199EB2363}.Debug|Any CPU.ActiveCfg = Debug|Any CPU
		{48C6B205-06F3-4843-87A7-EA0199EB2363}.Debug|Any CPU.Build.0 = Debug|Any CPU
		{48C6B205-06F3-4843-87A7-EA0199EB2363}.Release|Any CPU.ActiveCfg = Release|Any CPU
		{48C6B205-06F3-4843-87A7-EA0199EB2363}.Release|Any CPU.Build.0 = Release|Any CPU
		{71B0CF50-574D-490E-8FCF-A460968681D6}.Debug|Any CPU.ActiveCfg = Debug|Any CPU
		{71B0CF50-574D-490E-8FCF-A460968681D6}.Debug|Any CPU.Build.0 = Debug|Any CPU
		{71B0CF50-574D-490E-8FCF-A460968681D6}.Release|Any CPU.ActiveCfg = Release|Any CPU
		{71B0CF50-574D-490E-8FCF-A460968681D6}.Release|Any CPU.Build.0 = Release|Any CPU
		{AFC6DA47-D32E-4490-B0AF-5958650CF334}.Debug|Any CPU.ActiveCfg = Debug|Any CPU
		{AFC6DA47-D32E-4490-B0AF-5958650CF334}.Debug|Any CPU.Build.0 = Debug|Any CPU
		{AFC6DA47-D32E-4490-B0AF-5958650CF334}.Release|Any CPU.ActiveCfg = Release|Any CPU
		{AFC6DA47-D32E-4490-B0AF-5958650CF334}.Release|Any CPU.Build.0 = Release|Any CPU
		{F48F7A22-E282-4716-9DC5-18EF4B81CE50}.Debug|Any CPU.ActiveCfg = Debug|Any CPU
		{F48F7A22-E282-4716-9DC5-18EF4B81CE50}.Debug|Any CPU.Build.0 = Debug|Any CPU
		{F48F7A22-E282-4716-9DC5-18EF4B81CE50}.Release|Any CPU.ActiveCfg = Release|Any CPU
		{F48F7A22-E282-4716-9DC5-18EF4B81CE50}.Release|Any CPU.Build.0 = Release|Any CPU
		{8D243C26-7C5F-4DE7-B9AB-4DD0BEF47F05}.Debug|Any CPU.ActiveCfg = Debug|Any CPU
		{8D243C26-7C5F-4DE7-B9AB-4DD0BEF47F05}.Debug|Any CPU.Build.0 = Debug|Any CPU
		{8D243C26-7C5F-4DE7-B9AB-4DD0BEF47F05}.Release|Any CPU.ActiveCfg = Release|Any CPU
		{8D243C26-7C5F-4DE7-B9AB-4DD0BEF47F05}.Release|Any CPU.Build.0 = Release|Any CPU
		{C2CD0A18-794F-48FC-930C-8E18BAFB2847}.Debug|Any CPU.ActiveCfg = Debug|Any CPU
		{C2CD0A18-794F-48FC-930C-8E18BAFB2847}.Debug|Any CPU.Build.0 = Debug|Any CPU
		{C2CD0A18-794F-48FC-930C-8E18BAFB2847}.Release|Any CPU.ActiveCfg = Release|Any CPU
		{C2CD0A18-794F-48FC-930C-8E18BAFB2847}.Release|Any CPU.Build.0 = Release|Any CPU
		{9955EF46-1C0F-42DF-8ED9-4F85EE52558D}.Debug|Any CPU.ActiveCfg = Debug|Any CPU
		{9955EF46-1C0F-42DF-8ED9-4F85EE52558D}.Debug|Any CPU.Build.0 = Debug|Any CPU
		{9955EF46-1C0F-42DF-8ED9-4F85EE52558D}.Release|Any CPU.ActiveCfg = Release|Any CPU
		{9955EF46-1C0F-42DF-8ED9-4F85EE52558D}.Release|Any CPU.Build.0 = Release|Any CPU
		{FC7A77D2-22CD-4271-B5BE-52F75D153E3D}.Debug|Any CPU.ActiveCfg = Debug|Any CPU
		{FC7A77D2-22CD-4271-B5BE-52F75D153E3D}.Debug|Any CPU.Build.0 = Debug|Any CPU
		{FC7A77D2-22CD-4271-B5BE-52F75D153E3D}.Release|Any CPU.ActiveCfg = Release|Any CPU
		{FC7A77D2-22CD-4271-B5BE-52F75D153E3D}.Release|Any CPU.Build.0 = Release|Any CPU
		{4D6F7E9D-9E9F-4898-A2A4-71541138F153}.Debug|Any CPU.ActiveCfg = Debug|Any CPU
		{4D6F7E9D-9E9F-4898-A2A4-71541138F153}.Debug|Any CPU.Build.0 = Debug|Any CPU
		{4D6F7E9D-9E9F-4898-A2A4-71541138F153}.Release|Any CPU.ActiveCfg = Release|Any CPU
		{4D6F7E9D-9E9F-4898-A2A4-71541138F153}.Release|Any CPU.Build.0 = Release|Any CPU
		{191B6EE7-A6A2-4278-888A-49D34F8208BF}.Debug|Any CPU.ActiveCfg = Debug|Any CPU
		{191B6EE7-A6A2-4278-888A-49D34F8208BF}.Debug|Any CPU.Build.0 = Debug|Any CPU
		{191B6EE7-A6A2-4278-888A-49D34F8208BF}.Release|Any CPU.ActiveCfg = Release|Any CPU
		{191B6EE7-A6A2-4278-888A-49D34F8208BF}.Release|Any CPU.Build.0 = Release|Any CPU
		{293EAA69-8622-4590-A816-9182CD7BE27F}.Debug|Any CPU.ActiveCfg = Debug|Any CPU
		{293EAA69-8622-4590-A816-9182CD7BE27F}.Debug|Any CPU.Build.0 = Debug|Any CPU
		{293EAA69-8622-4590-A816-9182CD7BE27F}.Release|Any CPU.ActiveCfg = Release|Any CPU
		{293EAA69-8622-4590-A816-9182CD7BE27F}.Release|Any CPU.Build.0 = Release|Any CPU
		{7CCBC5BE-B086-4ABD-9FE8-611423F1C0E8}.Debug|Any CPU.ActiveCfg = Debug|Any CPU
		{7CCBC5BE-B086-4ABD-9FE8-611423F1C0E8}.Debug|Any CPU.Build.0 = Debug|Any CPU
		{7CCBC5BE-B086-4ABD-9FE8-611423F1C0E8}.Release|Any CPU.ActiveCfg = Release|Any CPU
		{7CCBC5BE-B086-4ABD-9FE8-611423F1C0E8}.Release|Any CPU.Build.0 = Release|Any CPU
		{109A4113-D508-4D58-95B6-41936C2613E4}.Debug|Any CPU.ActiveCfg = Debug|Any CPU
		{109A4113-D508-4D58-95B6-41936C2613E4}.Debug|Any CPU.Build.0 = Debug|Any CPU
		{109A4113-D508-4D58-95B6-41936C2613E4}.Release|Any CPU.ActiveCfg = Release|Any CPU
		{109A4113-D508-4D58-95B6-41936C2613E4}.Release|Any CPU.Build.0 = Release|Any CPU
		{E821FF15-A35E-4506-AB74-89BCAF8F07D7}.Debug|Any CPU.ActiveCfg = Debug|Any CPU
		{E821FF15-A35E-4506-AB74-89BCAF8F07D7}.Debug|Any CPU.Build.0 = Debug|Any CPU
		{E821FF15-A35E-4506-AB74-89BCAF8F07D7}.Release|Any CPU.ActiveCfg = Release|Any CPU
		{E821FF15-A35E-4506-AB74-89BCAF8F07D7}.Release|Any CPU.Build.0 = Release|Any CPU
		{7017CC60-C4FD-44C9-9182-52575868AA8F}.Debug|Any CPU.ActiveCfg = Debug|Any CPU
		{7017CC60-C4FD-44C9-9182-52575868AA8F}.Debug|Any CPU.Build.0 = Debug|Any CPU
		{7017CC60-C4FD-44C9-9182-52575868AA8F}.Release|Any CPU.ActiveCfg = Release|Any CPU
		{7017CC60-C4FD-44C9-9182-52575868AA8F}.Release|Any CPU.Build.0 = Release|Any CPU
		{23AF8CA2-AE08-40F8-8A1D-FD82E55C1663}.Debug|Any CPU.ActiveCfg = Debug|Any CPU
		{23AF8CA2-AE08-40F8-8A1D-FD82E55C1663}.Debug|Any CPU.Build.0 = Debug|Any CPU
		{23AF8CA2-AE08-40F8-8A1D-FD82E55C1663}.Release|Any CPU.ActiveCfg = Release|Any CPU
		{23AF8CA2-AE08-40F8-8A1D-FD82E55C1663}.Release|Any CPU.Build.0 = Release|Any CPU
		{938988DB-408D-4051-887A-C559C80CC0A7}.Debug|Any CPU.ActiveCfg = Debug|Any CPU
		{938988DB-408D-4051-887A-C559C80CC0A7}.Debug|Any CPU.Build.0 = Debug|Any CPU
		{938988DB-408D-4051-887A-C559C80CC0A7}.Release|Any CPU.ActiveCfg = Release|Any CPU
		{938988DB-408D-4051-887A-C559C80CC0A7}.Release|Any CPU.Build.0 = Release|Any CPU
		{F522DBEB-B73A-4C36-8AD8-D387F8D2C5BC}.Debug|Any CPU.ActiveCfg = Debug|Any CPU
		{F522DBEB-B73A-4C36-8AD8-D387F8D2C5BC}.Debug|Any CPU.Build.0 = Debug|Any CPU
		{F522DBEB-B73A-4C36-8AD8-D387F8D2C5BC}.Release|Any CPU.ActiveCfg = Release|Any CPU
		{F522DBEB-B73A-4C36-8AD8-D387F8D2C5BC}.Release|Any CPU.Build.0 = Release|Any CPU
		{385CAFBC-1CC5-47C8-BCF7-7B3B9791D50F}.Debug|Any CPU.ActiveCfg = Debug|Any CPU
		{385CAFBC-1CC5-47C8-BCF7-7B3B9791D50F}.Debug|Any CPU.Build.0 = Debug|Any CPU
		{385CAFBC-1CC5-47C8-BCF7-7B3B9791D50F}.Release|Any CPU.ActiveCfg = Release|Any CPU
		{385CAFBC-1CC5-47C8-BCF7-7B3B9791D50F}.Release|Any CPU.Build.0 = Release|Any CPU
		{0F34D700-214E-4D95-8B5B-E73EEC1D36F5}.Debug|Any CPU.ActiveCfg = Debug|Any CPU
		{0F34D700-214E-4D95-8B5B-E73EEC1D36F5}.Debug|Any CPU.Build.0 = Debug|Any CPU
		{0F34D700-214E-4D95-8B5B-E73EEC1D36F5}.Release|Any CPU.ActiveCfg = Release|Any CPU
		{0F34D700-214E-4D95-8B5B-E73EEC1D36F5}.Release|Any CPU.Build.0 = Release|Any CPU
		{3FA0E365-1F86-416C-9E3E-A0162F9C64C9}.Debug|Any CPU.ActiveCfg = Debug|Any CPU
		{3FA0E365-1F86-416C-9E3E-A0162F9C64C9}.Debug|Any CPU.Build.0 = Debug|Any CPU
		{3FA0E365-1F86-416C-9E3E-A0162F9C64C9}.Release|Any CPU.ActiveCfg = Release|Any CPU
		{3FA0E365-1F86-416C-9E3E-A0162F9C64C9}.Release|Any CPU.Build.0 = Release|Any CPU
	EndGlobalSection
	GlobalSection(SolutionProperties) = preSolution
		HideSolutionNode = FALSE
	EndGlobalSection
	GlobalSection(ExtensibilityGlobals) = postSolution
		SolutionGuid = {79D7B73F-83E1-4F7E-B64E-18AE10F6A0A2}
	EndGlobalSection
EndGlobal
